# This file is autogenerated, do not edit; changes may be undone by the next 'dep ensure'.


[[projects]]
  branch = "master"
  name = "github.com/benburkert/dns"
  packages = ["."]
  revision = "97af4bf9414d912fd499d215547ae3df9bfbe581"

[solve-meta]
  analyzer-name = "dep"
  analyzer-version = 1
  inputs-digest = "2e4fd753819d5f3aaaee66a4325d839fba0aa35e554b41e9a932856b57a967d3"
  solver-name = "gps-cdcl"
  solver-version = 1
